
Microsoft Visual Studio Solution File, Format Version 12.00
Project("{FAE04EC0-301F-11D3-BF4B-00C04F79EFBC}") = "MarriedAPI", "MarriedAPI\MarriedAPI.csproj", "{B7603EFC-6E08-4265-8C50-4F967BA663D2}"
EndProject
Project("{FAE04EC0-301F-11D3-BF4B-00C04F79EFBC}") = "Core", "Core\Core.csproj", "{49A33836-89A3-4FEC-9E33-5364E9EA0F71}"
EndProject
Project("{FAE04EC0-301F-11D3-BF4B-00C04F79EFBC}") = "Infrastructure", "Infrastructure\Infrastructure.csproj", "{8B1C560F-661C-4285-80AE-906D65260360}"
EndProject
Project("{FAE04EC0-301F-11D3-BF4B-00C04F79EFBC}") = "UseCase", "UseCase\UseCase.csproj", "{AEBD067F-A02B-4B43-8EBC-1970F1545E60}"
EndProject
Global
	GlobalSection(SolutionConfigurationPlatforms) = preSolution
		Debug|Any CPU = Debug|Any CPU
		Release|Any CPU = Release|Any CPU
	EndGlobalSection
	GlobalSection(ProjectConfigurationPlatforms) = postSolution
		{B7603EFC-6E08-4265-8C50-4F967BA663D2}.Debug|Any CPU.ActiveCfg = Debug|Any CPU
		{B7603EFC-6E08-4265-8C50-4F967BA663D2}.Debug|Any CPU.Build.0 = Debug|Any CPU
		{B7603EFC-6E08-4265-8C50-4F967BA663D2}.Release|Any CPU.ActiveCfg = Release|Any CPU
		{B7603EFC-6E08-4265-8C50-4F967BA663D2}.Release|Any CPU.Build.0 = Release|Any CPU
		{49A33836-89A3-4FEC-9E33-5364E9EA0F71}.Debug|Any CPU.ActiveCfg = Debug|Any CPU
		{49A33836-89A3-4FEC-9E33-5364E9EA0F71}.Debug|Any CPU.Build.0 = Debug|Any CPU
		{49A33836-89A3-4FEC-9E33-5364E9EA0F71}.Release|Any CPU.ActiveCfg = Release|Any CPU
		{49A33836-89A3-4FEC-9E33-5364E9EA0F71}.Release|Any CPU.Build.0 = Release|Any CPU
		{8B1C560F-661C-4285-80AE-906D65260360}.Debug|Any CPU.ActiveCfg = Debug|Any CPU
		{8B1C560F-661C-4285-80AE-906D65260360}.Debug|Any CPU.Build.0 = Debug|Any CPU
		{8B1C560F-661C-4285-80AE-906D65260360}.Release|Any CPU.ActiveCfg = Release|Any CPU
		{8B1C560F-661C-4285-80AE-906D65260360}.Release|Any CPU.Build.0 = Release|Any CPU
		{AEBD067F-A02B-4B43-8EBC-1970F1545E60}.Debug|Any CPU.ActiveCfg = Debug|Any CPU
		{AEBD067F-A02B-4B43-8EBC-1970F1545E60}.Debug|Any CPU.Build.0 = Debug|Any CPU
		{AEBD067F-A02B-4B43-8EBC-1970F1545E60}.Release|Any CPU.ActiveCfg = Release|Any CPU
		{AEBD067F-A02B-4B43-8EBC-1970F1545E60}.Release|Any CPU.Build.0 = Release|Any CPU
	EndGlobalSection
EndGlobal
